
Microsoft Visual Studio Solution File, Format Version 12.00
# Visual Studio 2013
VisualStudioVersion = 12.0.31101.0
MinimumVisualStudioVersion = 10.0.40219.1
Project("{2150E333-8FDC-42A3-9474-1A3956D46DE8}") = "Calculator", "Calculator", "{F32674B9-A68E-4C56-8077-C71DE7C8A18C}"
EndProject
Project("{2150E333-8FDC-42A3-9474-1A3956D46DE8}") = "Exercise1", "Exercise1", "{7FCC1B8E-B200-4B77-B0B5-B03A9CB89AA0}"
EndProject
Project("{FAE04EC0-301F-11D3-BF4B-00C04F79EFBC}") = "CodeKata.Calculator.Exercise1.Tests", "CodeKata.Calculator.Exercise1.Tests\CodeKata.Calculator.Exercise1.Tests.csproj", "{222D542A-D370-4C64-89F7-48ABA2E87D46}"
EndProject
Project("{2150E333-8FDC-42A3-9474-1A3956D46DE8}") = "Exercise2", "Exercise2", "{35EF2984-1D26-43FB-9A9E-CC3D821CE2D5}"
EndProject
Project("{FAE04EC0-301F-11D3-BF4B-00C04F79EFBC}") = "CodeKata.Calculator.Exercise2.Tests", "CodeKata.Calculator.Exercise2.Tests\CodeKata.Calculator.Exercise2.Tests.csproj", "{7C588DD5-CDCD-4498-9C82-91A036B4E2D7}"
EndProject
Project("{2150E333-8FDC-42A3-9474-1A3956D46DE8}") = "Exercise3", "Exercise3", "{2E78D9FF-0F8F-494E-B3EC-D2E9F0CEEE8F}"
EndProject
Project("{FAE04EC0-301F-11D3-BF4B-00C04F79EFBC}") = "CodeKata.Calculator.Exercise3.Tests", "CodeKata.Calculator.Exercise3.Tests\CodeKata.Calculator.Exercise3.Tests.csproj", "{62DC01FD-EFFA-4392-BEAB-587A8ACF06D2}"
EndProject
Project("{2150E333-8FDC-42A3-9474-1A3956D46DE8}") = "Exercise4", "Exercise4", "{F86C4895-08C9-4361-83F4-F7877D44FD42}"
EndProject
Project("{FAE04EC0-301F-11D3-BF4B-00C04F79EFBC}") = "CodeKata.Calculator.Exercise4.Tests", "CodeKata.Calculator.Exercise4.Tests\CodeKata.Calculator.Exercise4.Tests.csproj", "{C5564663-AAB5-41D9-BA85-BE6C170E5894}"
EndProject
Project("{2150E333-8FDC-42A3-9474-1A3956D46DE8}") = "Exercise5", "Exercise5", "{F201533A-287E-4F58-998D-1230C93B874D}"
EndProject
Project("{FAE04EC0-301F-11D3-BF4B-00C04F79EFBC}") = "CodeKata.Calculator.Exercise5.Tests", "CodeKata.Calculator.Exercise5.Tests\CodeKata.Calculator.Exercise5.Tests.csproj", "{5527265A-ED4B-4E33-8C16-B8B7C29DF3FA}"
EndProject
Global
	GlobalSection(SolutionConfigurationPlatforms) = preSolution
		Debug|Any CPU = Debug|Any CPU
		Release|Any CPU = Release|Any CPU
	EndGlobalSection
	GlobalSection(ProjectConfigurationPlatforms) = postSolution
		{222D542A-D370-4C64-89F7-48ABA2E87D46}.Debug|Any CPU.ActiveCfg = Debug|Any CPU
		{222D542A-D370-4C64-89F7-48ABA2E87D46}.Debug|Any CPU.Build.0 = Debug|Any CPU
		{222D542A-D370-4C64-89F7-48ABA2E87D46}.Release|Any CPU.ActiveCfg = Release|Any CPU
		{222D542A-D370-4C64-89F7-48ABA2E87D46}.Release|Any CPU.Build.0 = Release|Any CPU
		{7C588DD5-CDCD-4498-9C82-91A036B4E2D7}.Debug|Any CPU.ActiveCfg = Debug|Any CPU
		{7C588DD5-CDCD-4498-9C82-91A036B4E2D7}.Debug|Any CPU.Build.0 = Debug|Any CPU
		{7C588DD5-CDCD-4498-9C82-91A036B4E2D7}.Release|Any CPU.ActiveCfg = Release|Any CPU
		{7C588DD5-CDCD-4498-9C82-91A036B4E2D7}.Release|Any CPU.Build.0 = Release|Any CPU
		{62DC01FD-EFFA-4392-BEAB-587A8ACF06D2}.Debug|Any CPU.ActiveCfg = Debug|Any CPU
		{62DC01FD-EFFA-4392-BEAB-587A8ACF06D2}.Debug|Any CPU.Build.0 = Debug|Any CPU
		{62DC01FD-EFFA-4392-BEAB-587A8ACF06D2}.Release|Any CPU.ActiveCfg = Release|Any CPU
		{62DC01FD-EFFA-4392-BEAB-587A8ACF06D2}.Release|Any CPU.Build.0 = Release|Any CPU
		{C5564663-AAB5-41D9-BA85-BE6C170E5894}.Debug|Any CPU.ActiveCfg = Debug|Any CPU
		{C5564663-AAB5-41D9-BA85-BE6C170E5894}.Debug|Any CPU.Build.0 = Debug|Any CPU
		{C5564663-AAB5-41D9-BA85-BE6C170E5894}.Release|Any CPU.ActiveCfg = Release|Any CPU
		{C5564663-AAB5-41D9-BA85-BE6C170E5894}.Release|Any CPU.Build.0 = Release|Any CPU
		{5527265A-ED4B-4E33-8C16-B8B7C29DF3FA}.Debug|Any CPU.ActiveCfg = Debug|Any CPU
		{5527265A-ED4B-4E33-8C16-B8B7C29DF3FA}.Debug|Any CPU.Build.0 = Debug|Any CPU
		{5527265A-ED4B-4E33-8C16-B8B7C29DF3FA}.Release|Any CPU.ActiveCfg = Release|Any CPU
		{5527265A-ED4B-4E33-8C16-B8B7C29DF3FA}.Release|Any CPU.Build.0 = Release|Any CPU
	EndGlobalSection
	GlobalSection(SolutionProperties) = preSolution
		HideSolutionNode = FALSE
	EndGlobalSection
	GlobalSection(NestedProjects) = preSolution
		{7FCC1B8E-B200-4B77-B0B5-B03A9CB89AA0} = {F32674B9-A68E-4C56-8077-C71DE7C8A18C}
		{222D542A-D370-4C64-89F7-48ABA2E87D46} = {7FCC1B8E-B200-4B77-B0B5-B03A9CB89AA0}
		{35EF2984-1D26-43FB-9A9E-CC3D821CE2D5} = {F32674B9-A68E-4C56-8077-C71DE7C8A18C}
		{7C588DD5-CDCD-4498-9C82-91A036B4E2D7} = {35EF2984-1D26-43FB-9A9E-CC3D821CE2D5}
		{2E78D9FF-0F8F-494E-B3EC-D2E9F0CEEE8F} = {F32674B9-A68E-4C56-8077-C71DE7C8A18C}
		{62DC01FD-EFFA-4392-BEAB-587A8ACF06D2} = {2E78D9FF-0F8F-494E-B3EC-D2E9F0CEEE8F}
		{F86C4895-08C9-4361-83F4-F7877D44FD42} = {F32674B9-A68E-4C56-8077-C71DE7C8A18C}
		{C5564663-AAB5-41D9-BA85-BE6C170E5894} = {F86C4895-08C9-4361-83F4-F7877D44FD42}
		{F201533A-287E-4F58-998D-1230C93B874D} = {F32674B9-A68E-4C56-8077-C71DE7C8A18C}
		{5527265A-ED4B-4E33-8C16-B8B7C29DF3FA} = {F201533A-287E-4F58-998D-1230C93B874D}
	EndGlobalSection
EndGlobal
